{
  "name": "web-a11y-platform",
  "version": "1.0.0",
  "lockfileVersion": 3,
  "requires": true,
  "packages": {
    "": {
      "name": "web-a11y-platform",
      "version": "1.0.0",
      "license": "ISC",
      "workspaces": [
        "apps/*",
        "packages/*"
      ],
      "devDependencies": {
        "turbo": "^2.10.2"
      }
    },
    "apps/ai-analyzer-service": {
      "version": "1.0.0",
      "license": "ISC"
    },
    "apps/api-gateway": {
      "version": "1.0.0",
      "license": "ISC"
    },
    "apps/autofix-service": {
      "version": "1.0.0",
      "license": "ISC"
    },
    "apps/billing-service": {
      "version": "1.0.0",
      "license": "ISC"
    },
    "apps/monitoring-service": {
      "version": "1.0.0",
      "license": "ISC"
    },
    "apps/notification-service": {
      "version": "1.0.0",
      "license": "ISC"
    },
    "apps/reporting-service": {
      "version": "1.0.0",
      "license": "ISC"
    },
    "apps/scanner-service": {
      "version": "1.0.0",
      "license": "ISC"
    },
    "apps/web-dashboard": {
      "version": "1.0.0",
      "license": "ISC"
    },
    "apps/widget-sdk": {
      "version": "1.0.0",
      "license": "ISC"
    },
    "node_modules/@turbo/darwin-64": {
      "version": "2.10.2",
      "resolved": "https://registry.npmjs.org/@turbo/darwin-64/-/darwin-64-2.10.2.tgz",
      "integrity": "sha512-wBM3ObqOWnKUDmg7QfUFDkDHPFUAJmrYlYqmEM8jMPAPA/I6wRJIbWimeQUqhOiQ8xPKhzyWM+xaiUP0wz8FEQ==",
      "cpu": [
        "x64"
      ],
      "dev": true,
      "license": "MIT",
      "optional": true,
      "os": [
        "darwin"
      ]
    },
    "node_modules/@turbo/darwin-arm64": {
      "version": "2.10.2",
      "resolved": "https://registry.npmjs.org/@turbo/darwin-arm64/-/darwin-arm64-2.10.2.tgz",
      "integrity": "sha512-/Cq0joWnuMjDPfhjbFP4sv+C/7gkQ415zlaO4XUzD5EZxbtrKgXKvuuydMvogG8GeUnN1aDltW71RlmEfpjbyw==",
      "cpu": [
        "arm64"
      ],
      "dev": true,
      "license": "MIT",
      "optional": true,
      "os": [
        "darwin"
      ]
    },
    "node_modules/@turbo/linux-64": {
      "version": "2.10.2",
      "resolved": "https://registry.npmjs.org/@turbo/linux-64/-/linux-64-2.10.2.tgz",
      "integrity": "sha512-mMsf5IIhiKuceEXNstd25IbadjBXZ0amxzFOqliEzJX6HyeeHdBQPVSY583PWqYDyqM/FB8d5ZjkthfBSeuH3Q==",
      "cpu": [
        "x64"
      ],
      "dev": true,
      "license": "MIT",
      "optional": true,
      "os": [
        "linux"
      ]
    },
    "node_modules/@turbo/linux-arm64": {
      "version": "2.10.2",
      "resolved": "https://registry.npmjs.org/@turbo/linux-arm64/-/linux-arm64-2.10.2.tgz",
      "integrity": "sha512-Wcng1i2kaKmXutmwxT9MUoYZvdaIekXAdlGr4+0TpgbhGLw7nDuEcRBFrxb5BbRoX1d1q8SpdRxLc45TvDZIdQ==",
      "cpu": [
        "arm64"
      ],
      "dev": true,
      "license": "MIT",
      "optional": true,
      "os": [
        "linux"
      ]
    },
    "node_modules/@turbo/windows-64": {
      "version": "2.10.2",
      "resolved": "https://registry.npmjs.org/@turbo/windows-64/-/windows-64-2.10.2.tgz",
      "integrity": "sha512-SsNhM7Ho7EpAdwtrJKBOic9Hso23vu6Dp0gAfLOvUFjPzurr/sGQlXZEvr6z89ne4RDOypTwz5CBDrixpMKtXw==",
      "cpu": [
        "x64"
      ],
      "dev": true,
      "license": "MIT",
      "optional": true,
      "os": [
        "win32"
      ]
    },
    "node_modules/@turbo/windows-arm64": {
      "version": "2.10.2",
      "resolved": "https://registry.npmjs.org/@turbo/windows-arm64/-/windows-arm64-2.10.2.tgz",
      "integrity": "sha512-Gf+S7ICAdimT/n02bOuVWKvhHnct/HYjZg3oBNIz5hZ9ZyWHbQim9J3P5Qip8WpX0ksxF7eaBVziJCuLnjhqDg==",
      "cpu": [
        "arm64"
      ],
      "dev": true,
      "license": "MIT",
      "optional": true,
      "os": [
        "win32"
      ]
    },
    "node_modules/ai-analyzer-service": {
      "resolved": "apps/ai-analyzer-service",
      "link": true
    },
    "node_modules/api-gateway": {
      "resolved": "apps/api-gateway",
      "link": true
    },
    "node_modules/autofix-service": {
      "resolved": "apps/autofix-service",
      "link": true
    },
    "node_modules/billing-service": {
      "resolved": "apps/billing-service",
      "link": true
    },
    "node_modules/event-schemas": {
      "resolved": "packages/event-schemas",
      "link": true
    },
    "node_modules/monitoring-service": {
      "resolved": "apps/monitoring-service",
      "link": true
    },
    "node_modules/notification-service": {
      "resolved": "apps/notification-service",
      "link": true
    },
    "node_modules/reporting-service": {
      "resolved": "apps/reporting-service",
      "link": true
    },
    "node_modules/scanner-service": {
      "resolved": "apps/scanner-service",
      "link": true
    },
    "node_modules/scoring-engine": {
      "resolved": "packages/scoring-engine",
      "link": true
    },
    "node_modules/shared-types": {
      "resolved": "packages/shared-types",
      "link": true
    },
    "node_modules/turbo": {
      "version": "2.10.2",
      "resolved": "https://registry.npmjs.org/turbo/-/turbo-2.10.2.tgz",
      "integrity": "sha512-wTExrNrRjB8qzIcg+ZLm0A3GFNLDsWNwdS/RBXB0FPrBDyzk3i96Yx+TxWZC7a0k1SIreFB8ciUbxjmEqTH8IQ==",
      "dev": true,
      "license": "MIT",
      "bin": {
        "turbo": "bin/turbo"
      },
      "optionalDependencies": {
        "@turbo/darwin-64": "2.10.2",
        "@turbo/darwin-arm64": "2.10.2",
        "@turbo/linux-64": "2.10.2",
        "@turbo/linux-arm64": "2.10.2",
        "@turbo/windows-64": "2.10.2",
        "@turbo/windows-arm64": "2.10.2"
      }
    },
    "node_modules/ui-components": {
      "resolved": "packages/ui-components",
      "link": true
    },
    "node_modules/wcag-rules": {
      "resolved": "packages/wcag-rules",
      "link": true
    },
    "node_modules/web-dashboard": {
      "resolved": "apps/web-dashboard",
      "link": true
    },
    "node_modules/widget-sdk": {
      "resolved": "apps/widget-sdk",
      "link": true
    },
    "packages/event-schemas": {
      "version": "1.0.0",
      "license": "ISC"
    },
    "packages/scoring-engine": {
      "version": "1.0.0",
      "license": "ISC"
    },
    "packages/shared-types": {
      "version": "1.0.0",
      "license": "ISC"
    },
    "packages/ui-components": {
      "version": "1.0.0",
      "license": "ISC"
    },
    "packages/wcag-rules": {
      "version": "1.0.0",
      "license": "ISC"
    }
  }
}
